
Microsoft Visual Studio Solution File, Format Version 12.00
# Visual Studio Version 16
VisualStudioVersion = 16.0.32802.440
MinimumVisualStudioVersion = 10.0.40219.1
Project("{FAE04EC0-301F-11D3-BF4B-00C04F79EFBC}") = "ConsoleApp-12G-2C2023", "ConsoleApp-12G-2C2023\ConsoleApp-12G-2C2023.csproj", "{EFB864E2-97C3-44D6-B735-A95D080FD183}"
EndProject
Global
	GlobalSection(SolutionConfigurationPlatforms) = preSolution
		Debug|Any CPU = Debug|Any CPU
		Release|Any CPU = Release|Any CPU
	EndGlobalSection
	GlobalSection(ProjectConfigurationPlatforms) = postSolution
		{EFB864E2-97C3-44D6-B735-A95D080FD183}.Debug|Any CPU.ActiveCfg = Debug|Any CPU
		{EFB864E2-97C3-44D6-B735-A95D080FD183}.Debug|Any CPU.Build.0 = Debug|Any CPU
		{EFB864E2-97C3-44D6-B735-A95D080FD183}.Release|Any CPU.ActiveCfg = Release|Any CPU
		{EFB864E2-97C3-44D6-B735-A95D080FD183}.Release|Any CPU.Build.0 = Release|Any CPU
	EndGlobalSection
	GlobalSection(SolutionProperties) = preSolution
		HideSolutionNode = FALSE
	EndGlobalSection
	GlobalSection(ExtensibilityGlobals) = postSolution
		SolutionGuid = {86347003-737B-4C8A-96FB-0C880A8FCF12}
	EndGlobalSection
EndGlobal
